// !$*UTF8*$!
{
	archiveVersion = 1;
	classes = {
	};
	objectVersion = 50;
	objects = {

/* Begin PBXBuildFile section */
		0E3CFDD9244DA6CC00386C2D /* Director.swift in Sources */ = {isa = PBXBuildFile; fileRef = 0E3CFDD8244DA6CC00386C2D /* Director.swift */; };
		0E3CFDDC244DA6FC00386C2D /* Crew.swift in Sources */ = {isa = PBXBuildFile; fileRef = 0E3CFDDB244DA6FC00386C2D /* Crew.swift */; };
		0E85546724472B60000EA2E4 /* SingleMovieViewController.swift in Sources */ = {isa = PBXBuildFile; fileRef = 0E85546624472B60000EA2E4 /* SingleMovieViewController.swift */; };
		0E85546924472C6E000EA2E4 /* MovieCellObject.swift in Sources */ = {isa = PBXBuildFile; fileRef = 0E85546824472C6E000EA2E4 /* MovieCellObject.swift */; };
		0E85546C24473105000EA2E4 /* ImageCell.swift in Sources */ = {isa = PBXBuildFile; fileRef = 0E85546B24473105000EA2E4 /* ImageCell.swift */; };
		0E85546E24473923000EA2E4 /* TitleCell.swift in Sources */ = {isa = PBXBuildFile; fileRef = 0E85546D24473923000EA2E4 /* TitleCell.swift */; };
		0E85547024473DEB000EA2E4 /* GenreCell.swift in Sources */ = {isa = PBXBuildFile; fileRef = 0E85546F24473DEB000EA2E4 /* GenreCell.swift */; };
		0E85547224473DF9000EA2E4 /* DirectorCell.swift in Sources */ = {isa = PBXBuildFile; fileRef = 0E85547124473DF9000EA2E4 /* DirectorCell.swift */; };
		0E85547524473E11000EA2E4 /* DescriptionCell.swift in Sources */ = {isa = PBXBuildFile; fileRef = 0E85547424473E11000EA2E4 /* DescriptionCell.swift */; };
		0E8C868E243E00CD000BB5BB /* DataUtility.swift in Sources */ = {isa = PBXBuildFile; fileRef = 0E8C868D243E00CD000BB5BB /* DataUtility.swift */; };
		0E8C8690243E011D000BB5BB /* Quicksand Medium.ttf in Resources */ = {isa = PBXBuildFile; fileRef = 0E8C868F243E011D000BB5BB /* Quicksand Medium.ttf */; };
		0E8C8692243E0123000BB5BB /* Quicksand Regular.ttf in Resources */ = {isa = PBXBuildFile; fileRef = 0E8C8691243E0123000BB5BB /* Quicksand Regular.ttf */; };
		0E8C8694243E0129000BB5BB /* Quicksand Bold.ttf in Resources */ = {isa = PBXBuildFile; fileRef = 0E8C8693243E0129000BB5BB /* Quicksand Bold.ttf */; };
		0E8C8696243E0149000BB5BB /* StaticData.swift in Sources */ = {isa = PBXBuildFile; fileRef = 0E8C8695243E0149000BB5BB /* StaticData.swift */; };
		0E8C8698243E0169000BB5BB /* MovieObject.swift in Sources */ = {isa = PBXBuildFile; fileRef = 0E8C8697243E0169000BB5BB /* MovieObject.swift */; };
		0E8C869A243E01D5000BB5BB /* MovieListVC.swift in Sources */ = {isa = PBXBuildFile; fileRef = 0E8C8699243E01D5000BB5BB /* MovieListVC.swift */; };
		0E8C869C243E020B000BB5BB /* MovieCellList.swift in Sources */ = {isa = PBXBuildFile; fileRef = 0E8C869B243E020B000BB5BB /* MovieCellList.swift */; };
		0E8C86BE243F2F6C000BB5BB /* MovieAPIInfo.swift in Sources */ = {isa = PBXBuildFile; fileRef = 0E8C86BD243F2F6C000BB5BB /* MovieAPIInfo.swift */; };
		0E8C86C2243F48A1000BB5BB /* Response.swift in Sources */ = {isa = PBXBuildFile; fileRef = 0E8C86C1243F48A1000BB5BB /* Response.swift */; };
		0E8C86C4244085CA000BB5BB /* MovieAPIInfoList.swift in Sources */ = {isa = PBXBuildFile; fileRef = 0E8C86C3244085CA000BB5BB /* MovieAPIInfoList.swift */; };
		0E8C86C624408674000BB5BB /* SerilizationManager.swift in Sources */ = {isa = PBXBuildFile; fileRef = 0E8C86C524408674000BB5BB /* SerilizationManager.swift */; };
		0E8C86C824408D92000BB5BB /* NetworkManager.swift in Sources */ = {isa = PBXBuildFile; fileRef = 0E8C86C724408D92000BB5BB /* NetworkManager.swift */; };
		0EC88CC6243DFF98004D706A /* AppDelegate.swift in Sources */ = {isa = PBXBuildFile; fileRef = 0EC88CC5243DFF98004D706A /* AppDelegate.swift */; };
		0EC88CCF243DFF9A004D706A /* Assets.xcassets in Resources */ = {isa = PBXBuildFile; fileRef = 0EC88CCE243DFF9A004D706A /* Assets.xcassets */; };
		0EC88CD2243DFF9A004D706A /* LaunchScreen.storyboard in Resources */ = {isa = PBXBuildFile; fileRef = 0EC88CD0243DFF9A004D706A /* LaunchScreen.storyboard */; };
		F90FB2EAECECDF2FC535F479 /* Pods_MovieApplicationFG.framework in Frameworks */ = {isa = PBXBuildFile; fileRef = 85F53EFDB29A51582E6A5618 /* Pods_MovieApplicationFG.framework */; };
/* End PBXBuildFile section */

/* Begin PBXFileReference section */
		0E3CFDD8244DA6CC00386C2D /* Director.swift */ = {isa = PBXFileReference; lastKnownFileType = sourcecode.swift; path = Director.swift; sourceTree = "<group>"; };
		0E3CFDDB244DA6FC00386C2D /* Crew.swift */ = {isa = PBXFileReference; lastKnownFileType = sourcecode.swift; path = Crew.swift; sourceTree = "<group>"; };
		0E85546624472B60000EA2E4 /* SingleMovieViewController.swift */ = {isa = PBXFileReference; lastKnownFileType = sourcecode.swift; path = SingleMovieViewController.swift; sourceTree = "<group>"; };
		0E85546824472C6E000EA2E4 /* MovieCellObject.swift */ = {isa = PBXFileReference; lastKnownFileType = sourcecode.swift; path = MovieCellObject.swift; sourceTree = "<group>"; };
		0E85546B24473105000EA2E4 /* ImageCell.swift */ = {isa = PBXFileReference; lastKnownFileType = sourcecode.swift; path = ImageCell.swift; sourceTree = "<group>"; };
		0E85546D24473923000EA2E4 /* TitleCell.swift */ = {isa = PBXFileReference; lastKnownFileType = sourcecode.swift; path = TitleCell.swift; sourceTree = "<group>"; };
		0E85546F24473DEB000EA2E4 /* GenreCell.swift */ = {isa = PBXFileReference; lastKnownFileType = sourcecode.swift; path = GenreCell.swift; sourceTree = "<group>"; };
		0E85547124473DF9000EA2E4 /* DirectorCell.swift */ = {isa = PBXFileReference; lastKnownFileType = sourcecode.swift; path = DirectorCell.swift; sourceTree = "<group>"; };
		0E85547424473E11000EA2E4 /* DescriptionCell.swift */ = {isa = PBXFileReference; lastKnownFileType = sourcecode.swift; path = DescriptionCell.swift; sourceTree = "<group>"; };
		0E8C868D243E00CD000BB5BB /* DataUtility.swift */ = {isa = PBXFileReference; lastKnownFileType = sourcecode.swift; path = DataUtility.swift; sourceTree = "<group>"; };
		0E8C868F243E011D000BB5BB /* Quicksand Medium.ttf */ = {isa = PBXFileReference; lastKnownFileType = file; path = "Quicksand Medium.ttf"; sourceTree = "<group>"; };
		0E8C8691243E0123000BB5BB /* Quicksand Regular.ttf */ = {isa = PBXFileReference; lastKnownFileType = file; path = "Quicksand Regular.ttf"; sourceTree = "<group>"; };
		0E8C8693243E0129000BB5BB /* Quicksand Bold.ttf */ = {isa = PBXFileReference; lastKnownFileType = file; path = "Quicksand Bold.ttf"; sourceTree = "<group>"; };
		0E8C8695243E0149000BB5BB /* StaticData.swift */ = {isa = PBXFileReference; lastKnownFileType = sourcecode.swift; path = StaticData.swift; sourceTree = "<group>"; };
		0E8C8697243E0169000BB5BB /* MovieObject.swift */ = {isa = PBXFileReference; lastKnownFileType = sourcecode.swift; path = MovieObject.swift; sourceTree = "<group>"; };
		0E8C8699243E01D5000BB5BB /* MovieListVC.swift */ = {isa = PBXFileReference; lastKnownFileType = sourcecode.swift; path = MovieListVC.swift; sourceTree = "<group>"; };
		0E8C869B243E020B000BB5BB /* MovieCellList.swift */ = {isa = PBXFileReference; lastKnownFileType = sourcecode.swift; path = MovieCellList.swift; sourceTree = "<group>"; };
		0E8C86BD243F2F6C000BB5BB /* MovieAPIInfo.swift */ = {isa = PBXFileReference; lastKnownFileType = sourcecode.swift; path = MovieAPIInfo.swift; sourceTree = "<group>"; };
		0E8C86C1243F48A1000BB5BB /* Response.swift */ = {isa = PBXFileReference; lastKnownFileType = sourcecode.swift; path = Response.swift; sourceTree = "<group>"; };
		0E8C86C3244085CA000BB5BB /* MovieAPIInfoList.swift */ = {isa = PBXFileReference; lastKnownFileType = sourcecode.swift; path = MovieAPIInfoList.swift; sourceTree = "<group>"; };
		0E8C86C524408674000BB5BB /* SerilizationManager.swift */ = {isa = PBXFileReference; lastKnownFileType = sourcecode.swift; path = SerilizationManager.swift; sourceTree = "<group>"; };
		0E8C86C724408D92000BB5BB /* NetworkManager.swift */ = {isa = PBXFileReference; lastKnownFileType = sourcecode.swift; path = NetworkManager.swift; sourceTree = "<group>"; };
		0EC88CC2243DFF98004D706A /* MovieApplicationFG.app */ = {isa = PBXFileReference; explicitFileType = wrapper.application; includeInIndex = 0; path = MovieApplicationFG.app; sourceTree = BUILT_PRODUCTS_DIR; };
		0EC88CC5243DFF98004D706A /* AppDelegate.swift */ = {isa = PBXFileReference; lastKnownFileType = sourcecode.swift; path = AppDelegate.swift; sourceTree = "<group>"; };
		0EC88CCE243DFF9A004D706A /* Assets.xcassets */ = {isa = PBXFileReference; lastKnownFileType = folder.assetcatalog; path = Assets.xcassets; sourceTree = "<group>"; };
		0EC88CD1243DFF9A004D706A /* Base */ = {isa = PBXFileReference; lastKnownFileType = file.storyboard; name = Base; path = Base.lproj/LaunchScreen.storyboard; sourceTree = "<group>"; };
		0EC88CD3243DFF9A004D706A /* Info.plist */ = {isa = PBXFileReference; lastKnownFileType = text.plist.xml; path = Info.plist; sourceTree = "<group>"; };
		77A4945D6CC7C842AF5AD776 /* Pods-MovieApplicationFG.release.xcconfig */ = {isa = PBXFileReference; includeInIndex = 1; lastKnownFileType = text.xcconfig; name = "Pods-MovieApplicationFG.release.xcconfig"; path = "Target Support Files/Pods-MovieApplicationFG/Pods-MovieApplicationFG.release.xcconfig"; sourceTree = "<group>"; };
		85F53EFDB29A51582E6A5618 /* Pods_MovieApplicationFG.framework */ = {isa = PBXFileReference; explicitFileType = wrapper.framework; includeInIndex = 0; path = Pods_MovieApplicationFG.framework; sourceTree = BUILT_PRODUCTS_DIR; };
		C0CDAE451D8ACF0895E54628 /* Pods-MovieApplicationFG.debug.xcconfig */ = {isa = PBXFileReference; includeInIndex = 1; lastKnownFileType = text.xcconfig; name = "Pods-MovieApplicationFG.debug.xcconfig"; path = "Target Support Files/Pods-MovieApplicationFG/Pods-MovieApplicationFG.debug.xcconfig"; sourceTree = "<group>"; };
/* End PBXFileReference section */

/* Begin PBXFrameworksBuildPhase section */
		0EC88CBF243DFF98004D706A /* Frameworks */ = {
			isa = PBXFrameworksBuildPhase;
			buildActionMask = 2147483647;
			files = (
				F90FB2EAECECDF2FC535F479 /* Pods_MovieApplicationFG.framework in Frameworks */,
			);
			runOnlyForDeploymentPostprocessing = 0;
		};
/* End PBXFrameworksBuildPhase section */

/* Begin PBXGroup section */
		0E85546A244730EE000EA2E4 /* Cells */ = {
			isa = PBXGroup;
			children = (
				0E85546B24473105000EA2E4 /* ImageCell.swift */,
				0E85546D24473923000EA2E4 /* TitleCell.swift */,
				0E85546F24473DEB000EA2E4 /* GenreCell.swift */,
				0E85547124473DF9000EA2E4 /* DirectorCell.swift */,
				0E85547424473E11000EA2E4 /* DescriptionCell.swift */,
			);
			path = Cells;
			sourceTree = "<group>";
		};
		0E8C8685243E0068000BB5BB /* Utilities */ = {
			isa = PBXGroup;
			children = (
				0E8C868D243E00CD000BB5BB /* DataUtility.swift */,
			);
			path = Utilities;
			sourceTree = "<group>";
		};
		0E8C8686243E0071000BB5BB /* Delegate */ = {
			isa = PBXGroup;
			children = (
			);
			path = Delegate;
			sourceTree = "<group>";
		};
		0E8C8687243E007E000BB5BB /* SingleMovie */ = {
			isa = PBXGroup;
			children = (
				0E85546A244730EE000EA2E4 /* Cells */,
				0E85546624472B60000EA2E4 /* SingleMovieViewController.swift */,
			);
			path = SingleMovie;
			sourceTree = "<group>";
		};
		0E8C8688243E008A000BB5BB /* MovieList */ = {
			isa = PBXGroup;
			children = (
				0E8C8699243E01D5000BB5BB /* MovieListVC.swift */,
				0E8C869B243E020B000BB5BB /* MovieCellList.swift */,
			);
			path = MovieList;
			sourceTree = "<group>";
		};
		0E8C8689243E0093000BB5BB /* Model */ = {
			isa = PBXGroup;
			children = (
				0E8C86BD243F2F6C000BB5BB /* MovieAPIInfo.swift */,
				0E8C86C3244085CA000BB5BB /* MovieAPIInfoList.swift */,
				0E8C86C1243F48A1000BB5BB /* Response.swift */,
				0E85546824472C6E000EA2E4 /* MovieCellObject.swift */,
				0E3CFDD8244DA6CC00386C2D /* Director.swift */,
				0E3CFDDB244DA6FC00386C2D /* Crew.swift */,
			);
			path = Model;
			sourceTree = "<group>";
		};
		0E8C868A243E0097000BB5BB /* Movie Data */ = {
			isa = PBXGroup;
			children = (
				0E8C8695243E0149000BB5BB /* StaticData.swift */,
				0E8C8697243E0169000BB5BB /* MovieObject.swift */,
			);
			path = "Movie Data";
			sourceTree = "<group>";
		};
		0E8C868B243E00A0000BB5BB /* Manager */ = {
			isa = PBXGroup;
			children = (
				0E8C86C524408674000BB5BB /* SerilizationManager.swift */,
				0E8C86C724408D92000BB5BB /* NetworkManager.swift */,
			);
			path = Manager;
			sourceTree = "<group>";
		};
		0E8C868C243E00AA000BB5BB /* Fonts */ = {
			isa = PBXGroup;
			children = (
				0E8C868F243E011D000BB5BB /* Quicksand Medium.ttf */,
				0E8C8691243E0123000BB5BB /* Quicksand Regular.ttf */,
				0E8C8693243E0129000BB5BB /* Quicksand Bold.ttf */,
			);
			path = Fonts;
			sourceTree = "<group>";
		};
		0EC88CB9243DFF98004D706A = {
			isa = PBXGroup;
			children = (
				0EC88CC4243DFF98004D706A /* MovieApplicationFG */,
				0EC88CC3243DFF98004D706A /* Products */,
				A74417555E2E71363336996D /* Pods */,
				1F447BF1586A7A2EC2A88E5C /* Frameworks */,
			);
			sourceTree = "<group>";
		};
		0EC88CC3243DFF98004D706A /* Products */ = {
			isa = PBXGroup;
			children = (
				0EC88CC2243DFF98004D706A /* MovieApplicationFG.app */,
			);
			name = Products;
			sourceTree = "<group>";
		};
		0EC88CC4243DFF98004D706A /* MovieApplicationFG */ = {
			isa = PBXGroup;
			children = (
				0E8C8685243E0068000BB5BB /* Utilities */,
				0E8C8686243E0071000BB5BB /* Delegate */,
				0E8C868C243E00AA000BB5BB /* Fonts */,
				0E8C868B243E00A0000BB5BB /* Manager */,
				0E8C868A243E0097000BB5BB /* Movie Data */,
				0E8C8689243E0093000BB5BB /* Model */,
				0E8C8688243E008A000BB5BB /* MovieList */,
				0E8C8687243E007E000BB5BB /* SingleMovie */,
				0EC88CC5243DFF98004D706A /* AppDelegate.swift */,
				0EC88CCE243DFF9A004D706A /* Assets.xcassets */,
				0EC88CD0243DFF9A004D706A /* LaunchScreen.storyboard */,
				0EC88CD3243DFF9A004D706A /* Info.plist */,
			);
			path = MovieApplicationFG;
			sourceTree = "<group>";
		};
		1F447BF1586A7A2EC2A88E5C /* Frameworks */ = {
			isa = PBXGroup;
			children = (
				85F53EFDB29A51582E6A5618 /* Pods_MovieApplicationFG.framework */,
			);
			name = Frameworks;
			sourceTree = "<group>";
		};
		A74417555E2E71363336996D /* Pods */ = {
			isa = PBXGroup;
			children = (
				C0CDAE451D8ACF0895E54628 /* Pods-MovieApplicationFG.debug.xcconfig */,
				77A4945D6CC7C842AF5AD776 /* Pods-MovieApplicationFG.release.xcconfig */,
			);
			name = Pods;
			path = Pods;
			sourceTree = "<group>";
		};
/* End PBXGroup section */

/* Begin PBXNativeTarget section */
		0EC88CC1243DFF98004D706A /* MovieApplicationFG */ = {
			isa = PBXNativeTarget;
			buildConfigurationList = 0EC88CD6243DFF9A004D706A /* Build configuration list for PBXNativeTarget "MovieApplicationFG" */;
			buildPhases = (
				89CB28D3A47DECAB1F7976C3 /* [CP] Check Pods Manifest.lock */,
				0EC88CBE243DFF98004D706A /* Sources */,
				0EC88CBF243DFF98004D706A /* Frameworks */,
				0EC88CC0243DFF98004D706A /* Resources */,
				DCE72953E39219C22E6D77CE /* [CP] Embed Pods Frameworks */,
			);
			buildRules = (
			);
			dependencies = (
			);
			name = MovieApplicationFG;
			productName = MovieApplicationFG;
			productReference = 0EC88CC2243DFF98004D706A /* MovieApplicationFG.app */;
			productType = "com.apple.product-type.application";
		};
/* End PBXNativeTarget section */

/* Begin PBXProject section */
		0EC88CBA243DFF98004D706A /* Project object */ = {
			isa = PBXProject;
			attributes = {
				LastSwiftUpdateCheck = 1140;
				LastUpgradeCheck = 1140;
				ORGANIZATIONNAME = "Filip Glavica";
				TargetAttributes = {
					0EC88CC1243DFF98004D706A = {
						CreatedOnToolsVersion = 11.4;
					};
				};
			};
			buildConfigurationList = 0EC88CBD243DFF98004D706A /* Build configuration list for PBXProject "MovieApplicationFG" */;
			compatibilityVersion = "Xcode 9.3";
			developmentRegion = en;
			hasScannedForEncodings = 0;
			knownRegions = (
				en,
				Base,
			);
			mainGroup = 0EC88CB9243DFF98004D706A;
			productRefGroup = 0EC88CC3243DFF98004D706A /* Products */;
			projectDirPath = "";
			projectRoot = "";
			targets = (
				0EC88CC1243DFF98004D706A /* MovieApplicationFG */,
			);
		};
/* End PBXProject section */

/* Begin PBXResourcesBuildPhase section */
		0EC88CC0243DFF98004D706A /* Resources */ = {
			isa = PBXResourcesBuildPhase;
			buildActionMask = 2147483647;
			files = (
				0EC88CD2243DFF9A004D706A /* LaunchScreen.storyboard in Resources */,
				0EC88CCF243DFF9A004D706A /* Assets.xcassets in Resources */,
				0E8C8694243E0129000BB5BB /* Quicksand Bold.ttf in Resources */,
				0E8C8692243E0123000BB5BB /* Quicksand Regular.ttf in Resources */,
				0E8C8690243E011D000BB5BB /* Quicksand Medium.ttf in Resources */,
			);
			runOnlyForDeploymentPostprocessing = 0;
		};
/* End PBXResourcesBuildPhase section */

/* Begin PBXShellScriptBuildPhase section */
		89CB28D3A47DECAB1F7976C3 /* [CP] Check Pods Manifest.lock */ = {
			isa = PBXShellScriptBuildPhase;
			buildActionMask = 2147483647;
			files = (
			);
			inputFileListPaths = (
			);
			inputPaths = (
				"${PODS_PODFILE_DIR_PATH}/Podfile.lock",
				"${PODS_ROOT}/Manifest.lock",
			);
			name = "[CP] Check Pods Manifest.lock";
			outputFileListPaths = (
			);
			outputPaths = (
				"$(DERIVED_FILE_DIR)/Pods-MovieApplicationFG-checkManifestLockResult.txt",
			);
			runOnlyForDeploymentPostprocessing = 0;
			shellPath = /bin/sh;
			shellScript = "diff \"${PODS_PODFILE_DIR_PATH}/Podfile.lock\" \"${PODS_ROOT}/Manifest.lock\" > /dev/null\nif [ $? != 0 ] ; then\n    # print error to STDERR\n    echo \"error: The sandbox is not in sync with the Podfile.lock. Run 'pod install' or update your CocoaPods installation.\" >&2\n    exit 1\nfi\n# This output is used by Xcode 'outputs' to avoid re-running this script phase.\necho \"SUCCESS\" > \"${SCRIPT_OUTPUT_FILE_0}\"\n";
			showEnvVarsInLog = 0;
		};
		DCE72953E39219C22E6D77CE /* [CP] Embed Pods Frameworks */ = {
			isa = PBXShellScriptBuildPhase;
			buildActionMask = 2147483647;
			files = (
			);
			inputFileListPaths = (
				"${PODS_ROOT}/Target Support Files/Pods-MovieApplicationFG/Pods-MovieApplicationFG-frameworks-${CONFIGURATION}-input-files.xcfilelist",
			);
			name = "[CP] Embed Pods Frameworks";
			outputFileListPaths = (
				"${PODS_ROOT}/Target Support Files/Pods-MovieApplicationFG/Pods-MovieApplicationFG-frameworks-${CONFIGURATION}-output-files.xcfilelist",
			);
			runOnlyForDeploymentPostprocessing = 0;
			shellPath = /bin/sh;
			shellScript = "\"${PODS_ROOT}/Target Support Files/Pods-MovieApplicationFG/Pods-MovieApplicationFG-frameworks.sh\"\n";
			showEnvVarsInLog = 0;
		};
/* End PBXShellScriptBuildPhase section */

/* Begin PBXSourcesBuildPhase section */
		0EC88CBE243DFF98004D706A /* Sources */ = {
			isa = PBXSourcesBuildPhase;
			buildActionMask = 2147483647;
			files = (
				0EC88CC6243DFF98004D706A /* AppDelegate.swift in Sources */,
				0E8C8698243E0169000BB5BB /* MovieObject.swift in Sources */,
				0E8C86C824408D92000BB5BB /* NetworkManager.swift in Sources */,
				0E85547524473E11000EA2E4 /* DescriptionCell.swift in Sources */,
				0E8C8696243E0149000BB5BB /* StaticData.swift in Sources */,
				0E85547224473DF9000EA2E4 /* DirectorCell.swift in Sources */,
				0E85547024473DEB000EA2E4 /* GenreCell.swift in Sources */,
				0E8C86C2243F48A1000BB5BB /* Response.swift in Sources */,
				0E8C868E243E00CD000BB5BB /* DataUtility.swift in Sources */,
				0E85546924472C6E000EA2E4 /* MovieCellObject.swift in Sources */,
				0E85546724472B60000EA2E4 /* SingleMovieViewController.swift in Sources */,
				0E8C86BE243F2F6C000BB5BB /* MovieAPIInfo.swift in Sources */,
				0E3CFDDC244DA6FC00386C2D /* Crew.swift in Sources */,
				0E8C86C624408674000BB5BB /* SerilizationManager.swift in Sources */,
				0E8C86C4244085CA000BB5BB /* MovieAPIInfoList.swift in Sources */,
				0E3CFDD9244DA6CC00386C2D /* Director.swift in Sources */,
				0E85546C24473105000EA2E4 /* ImageCell.swift in Sources */,
				0E85546E24473923000EA2E4 /* TitleCell.swift in Sources */,
				0E8C869A243E01D5000BB5BB /* MovieListVC.swift in Sources */,
				0E8C869C243E020B000BB5BB /* MovieCellList.swift in Sources */,
			);
			runOnlyForDeploymentPostprocessing = 0;
		};
/* End PBXSourcesBuildPhase section */

/* Begin PBXVariantGroup section */
		0EC88CD0243DFF9A004D706A /* LaunchScreen.storyboard */ = {
			isa = PBXVariantGroup;
			children = (
				0EC88CD1243DFF9A004D706A /* Base */,
			);
			name = LaunchScreen.storyboard;
			sourceTree = "<group>";
		};
/* End PBXVariantGroup section */

/* Begin XCBuildConfiguration section */
		0EC88CD4243DFF9A004D706A /* Debug */ = {
			isa = XCBuildConfiguration;
			buildSettings = {
				ALWAYS_SEARCH_USER_PATHS = NO;
				CLANG_ANALYZER_NONNULL = YES;
				CLANG_ANALYZER_NUMBER_OBJECT_CONVERSION = YES_AGGRESSIVE;
				CLANG_CXX_LANGUAGE_STANDARD = "gnu++14";
				CLANG_CXX_LIBRARY = "libc++";
				CLANG_ENABLE_MODULES = YES;
				CLANG_ENABLE_OBJC_ARC = YES;
				CLANG_ENABLE_OBJC_WEAK = YES;
				CLANG_WARN_BLOCK_CAPTURE_AUTORELEASING = YES;
				CLANG_WARN_BOOL_CONVERSION = YES;
				CLANG_WARN_COMMA = YES;
				CLANG_WARN_CONSTANT_CONVERSION = YES;
				CLANG_WARN_DEPRECATED_OBJC_IMPLEMENTATIONS = YES;
				CLANG_WARN_DIRECT_OBJC_ISA_USAGE = YES_ERROR;
				CLANG_WARN_DOCUMENTATION_COMMENTS = YES;
				CLANG_WARN_EMPTY_BODY = YES;
				CLANG_WARN_ENUM_CONVERSION = YES;
				CLANG_WARN_INFINITE_RECURSION = YES;
				CLANG_WARN_INT_CONVERSION = YES;
				CLANG_WARN_NON_LITERAL_NULL_CONVERSION = YES;
				CLANG_WARN_OBJC_IMPLICIT_RETAIN_SELF = YES;
				CLANG_WARN_OBJC_LITERAL_CONVERSION = YES;
				CLANG_WARN_OBJC_ROOT_CLASS = YES_ERROR;
				CLANG_WARN_RANGE_LOOP_ANALYSIS = YES;
				CLANG_WARN_STRICT_PROTOTYPES = YES;
				CLANG_WARN_SUSPICIOUS_MOVE = YES;
				CLANG_WARN_UNGUARDED_AVAILABILITY = YES_AGGRESSIVE;
				CLANG_WARN_UNREACHABLE_CODE = YES;
				CLANG_WARN__DUPLICATE_METHOD_MATCH = YES;
				COPY_PHASE_STRIP = NO;
				DEBUG_INFORMATION_FORMAT = dwarf;
				ENABLE_STRICT_OBJC_MSGSEND = YES;
				ENABLE_TESTABILITY = YES;
				GCC_C_LANGUAGE_STANDARD = gnu11;
				GCC_DYNAMIC_NO_PIC = NO;
				GCC_NO_COMMON_BLOCKS = YES;
				GCC_OPTIMIZATION_LEVEL = 0;
				GCC_PREPROCESSOR_DEFINITIONS = (
					"DEBUG=1",
					"$(inherited)",
				);
				GCC_WARN_64_TO_32_BIT_CONVERSION = YES;
				GCC_WARN_ABOUT_RETURN_TYPE = YES_ERROR;
				GCC_WARN_UNDECLARED_SELECTOR = YES;
				GCC_WARN_UNINITIALIZED_AUTOS = YES_AGGRESSIVE;
				GCC_WARN_UNUSED_FUNCTION = YES;
				GCC_WARN_UNUSED_VARIABLE = YES;
				IPHONEOS_DEPLOYMENT_TARGET = 13.4;
				MTL_ENABLE_DEBUG_INFO = INCLUDE_SOURCE;
				MTL_FAST_MATH = YES;
				ONLY_ACTIVE_ARCH = YES;
				SDKROOT = iphoneos;
				SWIFT_ACTIVE_COMPILATION_CONDITIONS = DEBUG;
				SWIFT_OPTIMIZATION_LEVEL = "-Onone";
			};
			name = Debug;
		};
		0EC88CD5243DFF9A004D706A /* Release */ = {
			isa = XCBuildConfiguration;
			buildSettings = {
				ALWAYS_SEARCH_USER_PATHS = NO;
				CLANG_ANALYZER_NONNULL = YES;
				CLANG_ANALYZER_NUMBER_OBJECT_CONVERSION = YES_AGGRESSIVE;
				CLANG_CXX_LANGUAGE_STANDARD = "gnu++14";
				CLANG_CXX_LIBRARY = "libc++";
				CLANG_ENABLE_MODULES = YES;
				CLANG_ENABLE_OBJC_ARC = YES;
				CLANG_ENABLE_OBJC_WEAK = YES;
				CLANG_WARN_BLOCK_CAPTURE_AUTORELEASING = YES;
				CLANG_WARN_BOOL_CONVERSION = YES;
				CLANG_WARN_COMMA = YES;
				CLANG_WARN_CONSTANT_CONVERSION = YES;
				CLANG_WARN_DEPRECATED_OBJC_IMPLEMENTATIONS = YES;
				CLANG_WARN_DIRECT_OBJC_ISA_USAGE = YES_ERROR;
				CLANG_WARN_DOCUMENTATION_COMMENTS = YES;
				CLANG_WARN_EMPTY_BODY = YES;
				CLANG_WARN_ENUM_CONVERSION = YES;
				CLANG_WARN_INFINITE_RECURSION = YES;
				CLANG_WARN_INT_CONVERSION = YES;
				CLANG_WARN_NON_LITERAL_NULL_CONVERSION = YES;
				CLANG_WARN_OBJC_IMPLICIT_RETAIN_SELF = YES;
				CLANG_WARN_OBJC_LITERAL_CONVERSION = YES;
				CLANG_WARN_OBJC_ROOT_CLASS = YES_ERROR;
				CLANG_WARN_RANGE_LOOP_ANALYSIS = YES;
				CLANG_WARN_STRICT_PROTOTYPES = YES;
				CLANG_WARN_SUSPICIOUS_MOVE = YES;
				CLANG_WARN_UNGUARDED_AVAILABILITY = YES_AGGRESSIVE;
				CLANG_WARN_UNREACHABLE_CODE = YES;
				CLANG_WARN__DUPLICATE_METHOD_MATCH = YES;
				COPY_PHASE_STRIP = NO;
				DEBUG_INFORMATION_FORMAT = "dwarf-with-dsym";
				ENABLE_NS_ASSERTIONS = NO;
				ENABLE_STRICT_OBJC_MSGSEND = YES;
				GCC_C_LANGUAGE_STANDARD = gnu11;
				GCC_NO_COMMON_BLOCKS = YES;
				GCC_WARN_64_TO_32_BIT_CONVERSION = YES;
				GCC_WARN_ABOUT_RETURN_TYPE = YES_ERROR;
				GCC_WARN_UNDECLARED_SELECTOR = YES;
				GCC_WARN_UNINITIALIZED_AUTOS = YES_AGGRESSIVE;
				GCC_WARN_UNUSED_FUNCTION = YES;
				GCC_WARN_UNUSED_VARIABLE = YES;
				IPHONEOS_DEPLOYMENT_TARGET = 13.4;
				MTL_ENABLE_DEBUG_INFO = NO;
				MTL_FAST_MATH = YES;
				SDKROOT = iphoneos;
				SWIFT_COMPILATION_MODE = wholemodule;
				SWIFT_OPTIMIZATION_LEVEL = "-O";
				VALIDATE_PRODUCT = YES;
			};
			name = Release;
		};
		0EC88CD7243DFF9A004D706A /* Debug */ = {
			isa = XCBuildConfiguration;
			baseConfigurationReference = C0CDAE451D8ACF0895E54628 /* Pods-MovieApplicationFG.debug.xcconfig */;
			buildSettings = {
				ASSETCATALOG_COMPILER_APPICON_NAME = AppIcon;
				CODE_SIGN_STYLE = Automatic;
				DEVELOPMENT_TEAM = BQAATCPZBU;
				INFOPLIST_FILE = MovieApplicationFG/Info.plist;
				LD_RUNPATH_SEARCH_PATHS = (
					"$(inherited)",
					"@executable_path/Frameworks",
				);
				PRODUCT_BUNDLE_IDENTIFIER = factory.hr.MovieApplicationFG;
				PRODUCT_NAME = "$(TARGET_NAME)";
				SWIFT_VERSION = 5.0;
				TARGETED_DEVICE_FAMILY = "1,2";
			};
			name = Debug;
		};
		0EC88CD8243DFF9A004D706A /* Release */ = {
			isa = XCBuildConfiguration;
			baseConfigurationReference = 77A4945D6CC7C842AF5AD776 /* Pods-MovieApplicationFG.release.xcconfig */;
			buildSettings = {
				ASSETCATALOG_COMPILER_APPICON_NAME = AppIcon;
				CODE_SIGN_STYLE = Automatic;
				DEVELOPMENT_TEAM = BQAATCPZBU;
				INFOPLIST_FILE = MovieApplicationFG/Info.plist;
				LD_RUNPATH_SEARCH_PATHS = (
					"$(inherited)",
					"@executable_path/Frameworks",
				);
				PRODUCT_BUNDLE_IDENTIFIER = factory.hr.MovieApplicationFG;
				PRODUCT_NAME = "$(TARGET_NAME)";
				SWIFT_VERSION = 5.0;
				TARGETED_DEVICE_FAMILY = "1,2";
			};
			name = Release;
		};
/* End XCBuildConfiguration section */

/* Begin XCConfigurationList section */
		0EC88CBD243DFF98004D706A /* Build configuration list for PBXProject "MovieApplicationFG" */ = {
			isa = XCConfigurationList;
			buildConfigurations = (
				0EC88CD4243DFF9A004D706A /* Debug */,
				0EC88CD5243DFF9A004D706A /* Release */,
			);
			defaultConfigurationIsVisible = 0;
			defaultConfigurationName = Release;
		};
		0EC88CD6243DFF9A004D706A /* Build configuration list for PBXNativeTarget "MovieApplicationFG" */ = {
			isa = XCConfigurationList;
			buildConfigurations = (
				0EC88CD7243DFF9A004D706A /* Debug */,
				0EC88CD8243DFF9A004D706A /* Release */,
			);
			defaultConfigurationIsVisible = 0;
			defaultConfigurationName = Release;
		};
/* End XCConfigurationList section */
	};
	rootObject = 0EC88CBA243DFF98004D706A /* Project object */;
}
